// !$*UTF8*$!
{
	archiveVersion = 1;
	classes = {
	};
	objectVersion = 48;
	objects = {

/* Begin PBXBuildFile section */
		4C3096D12086D13D005F7065 /* AppDelegate.swift in Sources */ = {isa = PBXBuildFile; fileRef = 4C3096D02086D13D005F7065 /* AppDelegate.swift */; };
		4C3096D32086D13D005F7065 /* ViewController.swift in Sources */ = {isa = PBXBuildFile; fileRef = 4C3096D22086D13D005F7065 /* ViewController.swift */; };
		4C3096D62086D13D005F7065 /* Main.storyboard in Resources */ = {isa = PBXBuildFile; fileRef = 4C3096D42086D13D005F7065 /* Main.storyboard */; };
		4C3096D82086D13D005F7065 /* Assets.xcassets in Resources */ = {isa = PBXBuildFile; fileRef = 4C3096D72086D13D005F7065 /* Assets.xcassets */; };
		4C3096DB2086D13D005F7065 /* LaunchScreen.storyboard in Resources */ = {isa = PBXBuildFile; fileRef = 4C3096D92086D13D005F7065 /* LaunchScreen.storyboard */; };
		4C3096E32086DDB5005F7065 /* BounceController.swift in Sources */ = {isa = PBXBuildFile; fileRef = 4C3096E22086DDB5005F7065 /* BounceController.swift */; };
		4C3096E52086E9ED005F7065 /* ShrinkController.swift in Sources */ = {isa = PBXBuildFile; fileRef = 4C3096E42086E9ED005F7065 /* ShrinkController.swift */; };
/* End PBXBuildFile section */

/* Begin PBXFileReference section */
		4C3096CD2086D13D005F7065 /* CustomizeTransition.app */ = {isa = PBXFileReference; explicitFileType = wrapper.application; includeInIndex = 0; path = CustomizeTransition.app; sourceTree = BUILT_PRODUCTS_DIR; };
		4C3096D02086D13D005F7065 /* AppDelegate.swift */ = {isa = PBXFileReference; lastKnownFileType = sourcecode.swift; path = AppDelegate.swift; sourceTree = "<group>"; };
		4C3096D22086D13D005F7065 /* ViewController.swift */ = {isa = PBXFileReference; lastKnownFileType = sourcecode.swift; path = ViewController.swift; sourceTree = "<group>"; };
		4C3096D52086D13D005F7065 /* Base */ = {isa = PBXFileReference; lastKnownFileType = file.storyboard; name = Base; path = Base.lproj/Main.storyboard; sourceTree = "<group>"; };
		4C3096D72086D13D005F7065 /* Assets.xcassets */ = {isa = PBXFileReference; lastKnownFileType = folder.assetcatalog; path = Assets.xcassets; sourceTree = "<group>"; };
		4C3096DA2086D13D005F7065 /* Base */ = {isa = PBXFileReference; lastKnownFileType = file.storyboard; name = Base; path = Base.lproj/LaunchScreen.storyboard; sourceTree = "<group>"; };
		4C3096DC2086D13D005F7065 /* Info.plist */ = {isa = PBXFileReference; lastKnownFileType = text.plist.xml; path = Info.plist; sourceTree = "<group>"; };
		4C3096E22086DDB5005F7065 /* BounceController.swift */ = {isa = PBXFileReference; lastKnownFileType = sourcecode.swift; path = BounceController.swift; sourceTree = "<group>"; };
		4C3096E42086E9ED005F7065 /* ShrinkController.swift */ = {isa = PBXFileReference; lastKnownFileType = sourcecode.swift; path = ShrinkController.swift; sourceTree = "<group>"; };
/* End PBXFileReference section */

/* Begin PBXFrameworksBuildPhase section */
		4C3096CA2086D13D005F7065 /* Frameworks */ = {
			isa = PBXFrameworksBuildPhase;
			buildActionMask = 2147483647;
			files = (
			);
			runOnlyForDeploymentPostprocessing = 0;
		};
/* End PBXFrameworksBuildPhase section */

/* Begin PBXGroup section */
		4C3096C42086D13D005F7065 = {
			isa = PBXGroup;
			children = (
				4C3096CF2086D13D005F7065 /* CustomizeTransition */,
				4C3096CE2086D13D005F7065 /* Products */,
			);
			sourceTree = "<group>";
		};
		4C3096CE2086D13D005F7065 /* Products */ = {
			isa = PBXGroup;
			children = (
				4C3096CD2086D13D005F7065 /* CustomizeTransition.app */,
			);
			name = Products;
			sourceTree = "<group>";
		};
		4C3096CF2086D13D005F7065 /* CustomizeTransition */ = {
			isa = PBXGroup;
			children = (
				4C3096D02086D13D005F7065 /* AppDelegate.swift */,
				4C3096D22086D13D005F7065 /* ViewController.swift */,
				4C3096D42086D13D005F7065 /* Main.storyboard */,
				4C3096D72086D13D005F7065 /* Assets.xcassets */,
				4C3096D92086D13D005F7065 /* LaunchScreen.storyboard */,
				4C3096DC2086D13D005F7065 /* Info.plist */,
				4C3096E22086DDB5005F7065 /* BounceController.swift */,
				4C3096E42086E9ED005F7065 /* ShrinkController.swift */,
			);
			path = CustomizeTransition;
			sourceTree = "<group>";
		};
/* End PBXGroup section */

/* Begin PBXNativeTarget section */
		4C3096CC2086D13D005F7065 /* CustomizeTransition */ = {
			isa = PBXNativeTarget;
			buildConfigurationList = 4C3096DF2086D13D005F7065 /* Build configuration list for PBXNativeTarget "CustomizeTransition" */;
			buildPhases = (
				4C3096C92086D13D005F7065 /* Sources */,
				4C3096CA2086D13D005F7065 /* Frameworks */,
				4C3096CB2086D13D005F7065 /* Resources */,
			);
			buildRules = (
			);
			dependencies = (
			);
			name = CustomizeTransition;
			productName = CustomizeTransition;
			productReference = 4C3096CD2086D13D005F7065 /* CustomizeTransition.app */;
			productType = "com.apple.product-type.application";
		};
/* End PBXNativeTarget section */

/* Begin PBXProject section */
		4C3096C52086D13D005F7065 /* Project object */ = {
			isa = PBXProject;
			attributes = {
				LastSwiftUpdateCheck = 0920;
				LastUpgradeCheck = 0920;
				ORGANIZATIONNAME = Zencher;
				TargetAttributes = {
					4C3096CC2086D13D005F7065 = {
						CreatedOnToolsVersion = 9.2;
						ProvisioningStyle = Automatic;
					};
				};
			};
			buildConfigurationList = 4C3096C82086D13D005F7065 /* Build configuration list for PBXProject "CustomizeTransition" */;
			compatibilityVersion = "Xcode 8.0";
			developmentRegion = en;
			hasScannedForEncodings = 0;
			knownRegions = (
				en,
				Base,
			);
			mainGroup = 4C3096C42086D13D005F7065;
			productRefGroup = 4C3096CE2086D13D005F7065 /* Products */;
			projectDirPath = "";
			projectRoot = "";
			targets = (
				4C3096CC2086D13D005F7065 /* CustomizeTransition */,
			);
		};
/* End PBXProject section */

/* Begin PBXResourcesBuildPhase section */
		4C3096CB2086D13D005F7065 /* Resources */ = {
			isa = PBXResourcesBuildPhase;
			buildActionMask = 2147483647;
			files = (
				4C3096DB2086D13D005F7065 /* LaunchScreen.storyboard in Resources */,
				4C3096D82086D13D005F7065 /* Assets.xcassets in Resources */,
				4C3096D62086D13D005F7065 /* Main.storyboard in Resources */,
			);
			runOnlyForDeploymentPostprocessing = 0;
		};
/* End PBXResourcesBuildPhase section */

/* Begin PBXSourcesBuildPhase section */
		4C3096C92086D13D005F7065 /* Sources */ = {
			isa = PBXSourcesBuildPhase;
			buildActionMask = 2147483647;
			files = (
				4C3096E52086E9ED005F7065 /* ShrinkController.swift in Sources */,
				4C3096D32086D13D005F7065 /* ViewController.swift in Sources */,
				4C3096D12086D13D005F7065 /* AppDelegate.swift in Sources */,
				4C3096E32086DDB5005F7065 /* BounceController.swift in Sources */,
			);
			runOnlyForDeploymentPostprocessing = 0;
		};
/* End PBXSourcesBuildPhase section */

/* Begin PBXVariantGroup section */
		4C3096D42086D13D005F7065 /* Main.storyboard */ = {
			isa = PBXVariantGroup;
			children = (
				4C3096D52086D13D005F7065 /* Base */,
			);
			name = Main.storyboard;
			sourceTree = "<group>";
		};
		4C3096D92086D13D005F7065 /* LaunchScreen.storyboard */ = {
			isa = PBXVariantGroup;
			children = (
				4C3096DA2086D13D005F7065 /* Base */,
			);
			name = LaunchScreen.storyboard;
			sourceTree = "<group>";
		};
/* End PBXVariantGroup section */

/* Begin XCBuildConfiguration section */
		4C3096DD2086D13D005F7065 /* Debug */ = {
			isa = XCBuildConfiguration;
			buildSettings = {
				ALWAYS_SEARCH_USER_PATHS = NO;
				CLANG_ANALYZER_NONNULL = YES;
				CLANG_ANALYZER_NUMBER_OBJECT_CONVERSION = YES_AGGRESSIVE;
				CLANG_CXX_LANGUAGE_STANDARD = "gnu++14";
				CLANG_CXX_LIBRARY = "libc++";
				CLANG_ENABLE_MODULES = YES;
				CLANG_ENABLE_OBJC_ARC = YES;
				CLANG_WARN_BLOCK_CAPTURE_AUTORELEASING = YES;
				CLANG_WARN_BOOL_CONVERSION = YES;
				CLANG_WARN_COMMA = YES;
				CLANG_WARN_CONSTANT_CONVERSION = YES;
				CLANG_WARN_DIRECT_OBJC_ISA_USAGE = YES_ERROR;
				CLANG_WARN_DOCUMENTATION_COMMENTS = YES;
				CLANG_WARN_EMPTY_BODY = YES;
				CLANG_WARN_ENUM_CONVERSION = YES;
				CLANG_WARN_INFINITE_RECURSION = YES;
				CLANG_WARN_INT_CONVERSION = YES;
				CLANG_WARN_NON_LITERAL_NULL_CONVERSION = YES;
				CLANG_WARN_OBJC_LITERAL_CONVERSION = YES;
				CLANG_WARN_OBJC_ROOT_CLASS = YES_ERROR;
				CLANG_WARN_RANGE_LOOP_ANALYSIS = YES;
				CLANG_WARN_STRICT_PROTOTYPES = YES;
				CLANG_WARN_SUSPICIOUS_MOVE = YES;
				CLANG_WARN_UNGUARDED_AVAILABILITY = YES_AGGRESSIVE;
				CLANG_WARN_UNREACHABLE_CODE = YES;
				CLANG_WARN__DUPLICATE_METHOD_MATCH = YES;
				CODE_SIGN_IDENTITY = "iPhone Developer";
				COPY_PHASE_STRIP = NO;
				DEBUG_INFORMATION_FORMAT = dwarf;
				ENABLE_STRICT_OBJC_MSGSEND = YES;
				ENABLE_TESTABILITY = YES;
				GCC_C_LANGUAGE_STANDARD = gnu11;
				GCC_DYNAMIC_NO_PIC = NO;
				GCC_NO_COMMON_BLOCKS = YES;
				GCC_OPTIMIZATION_LEVEL = 0;
				GCC_PREPROCESSOR_DEFINITIONS = (
					"DEBUG=1",
					"$(inherited)",
				);
				GCC_WARN_64_TO_32_BIT_CONVERSION = YES;
				GCC_WARN_ABOUT_RETURN_TYPE = YES_ERROR;
				GCC_WARN_UNDECLARED_SELECTOR = YES;
				GCC_WARN_UNINITIALIZED_AUTOS = YES_AGGRESSIVE;
				GCC_WARN_UNUSED_FUNCTION = YES;
				GCC_WARN_UNUSED_VARIABLE = YES;
				IPHONEOS_DEPLOYMENT_TARGET = 11.2;
				MTL_ENABLE_DEBUG_INFO = YES;
				ONLY_ACTIVE_ARCH = YES;
				SDKROOT = iphoneos;
				SWIFT_ACTIVE_COMPILATION_CONDITIONS = DEBUG;
				SWIFT_OPTIMIZATION_LEVEL = "-Onone";
			};
			name = Debug;
		};
		4C3096DE2086D13D005F7065 /* Release */ = {
			isa = XCBuildConfiguration;
			buildSettings = {
				ALWAYS_SEARCH_USER_PATHS = NO;
				CLANG_ANALYZER_NONNULL = YES;
				CLANG_ANALYZER_NUMBER_OBJECT_CONVERSION = YES_AGGRESSIVE;
				CLANG_CXX_LANGUAGE_STANDARD = "gnu++14";
				CLANG_CXX_LIBRARY = "libc++";
				CLANG_ENABLE_MODULES = YES;
				CLANG_ENABLE_OBJC_ARC = YES;
				CLANG_WARN_BLOCK_CAPTURE_AUTORELEASING = YES;
				CLANG_WARN_BOOL_CONVERSION = YES;
				CLANG_WARN_COMMA = YES;
				CLANG_WARN_CONSTANT_CONVERSION = YES;
				CLANG_WARN_DIRECT_OBJC_ISA_USAGE = YES_ERROR;
				CLANG_WARN_DOCUMENTATION_COMMENTS = YES;
				CLANG_WARN_EMPTY_BODY = YES;
				CLANG_WARN_ENUM_CONVERSION = YES;
				CLANG_WARN_INFINITE_RECURSION = YES;
				CLANG_WARN_INT_CONVERSION = YES;
				CLANG_WARN_NON_LITERAL_NULL_CONVERSION = YES;
				CLANG_WARN_OBJC_LITERAL_CONVERSION = YES;
				CLANG_WARN_OBJC_ROOT_CLASS = YES_ERROR;
				CLANG_WARN_RANGE_LOOP_ANALYSIS = YES;
				CLANG_WARN_STRICT_PROTOTYPES = YES;
				CLANG_WARN_SUSPICIOUS_MOVE = YES;
				CLANG_WARN_UNGUARDED_AVAILABILITY = YES_AGGRESSIVE;
				CLANG_WARN_UNREACHABLE_CODE = YES;
				CLANG_WARN__DUPLICATE_METHOD_MATCH = YES;
				CODE_SIGN_IDENTITY = "iPhone Developer";
				COPY_PHASE_STRIP = NO;
				DEBUG_INFORMATION_FORMAT = "dwarf-with-dsym";
				ENABLE_NS_ASSERTIONS = NO;
				ENABLE_STRICT_OBJC_MSGSEND = YES;
				GCC_C_LANGUAGE_STANDARD = gnu11;
				GCC_NO_COMMON_BLOCKS = YES;
				GCC_WARN_64_TO_32_BIT_CONVERSION = YES;
				GCC_WARN_ABOUT_RETURN_TYPE = YES_ERROR;
				GCC_WARN_UNDECLARED_SELECTOR = YES;
				GCC_WARN_UNINITIALIZED_AUTOS = YES_AGGRESSIVE;
				GCC_WARN_UNUSED_FUNCTION = YES;
				GCC_WARN_UNUSED_VARIABLE = YES;
				IPHONEOS_DEPLOYMENT_TARGET = 11.2;
				MTL_ENABLE_DEBUG_INFO = NO;
				SDKROOT = iphoneos;
				SWIFT_OPTIMIZATION_LEVEL = "-Owholemodule";
				VALIDATE_PRODUCT = YES;
			};
			name = Release;
		};
		4C3096E02086D13D005F7065 /* Debug */ = {
			isa = XCBuildConfiguration;
			buildSettings = {
				ASSETCATALOG_COMPILER_APPICON_NAME = AppIcon;
				CODE_SIGN_STYLE = Automatic;
				DEVELOPMENT_TEAM = T59TDK9D3N;
				INFOPLIST_FILE = CustomizeTransition/Info.plist;
				LD_RUNPATH_SEARCH_PATHS = "$(inherited) @executable_path/Frameworks";
				PRODUCT_BUNDLE_IDENTIFIER = com.zencher.demo.CustomizeTransition;
				PRODUCT_NAME = "$(TARGET_NAME)";
				SWIFT_VERSION = 4.0;
				TARGETED_DEVICE_FAMILY = "1,2";
			};
			name = Debug;
		};
		4C3096E12086D13D005F7065 /* Release */ = {
			isa = XCBuildConfiguration;
			buildSettings = {
				ASSETCATALOG_COMPILER_APPICON_NAME = AppIcon;
				CODE_SIGN_STYLE = Automatic;
				DEVELOPMENT_TEAM = T59TDK9D3N;
				INFOPLIST_FILE = CustomizeTransition/Info.plist;
				LD_RUNPATH_SEARCH_PATHS = "$(inherited) @executable_path/Frameworks";
				PRODUCT_BUNDLE_IDENTIFIER = com.zencher.demo.CustomizeTransition;
				PRODUCT_NAME = "$(TARGET_NAME)";
				SWIFT_VERSION = 4.0;
				TARGETED_DEVICE_FAMILY = "1,2";
			};
			name = Release;
		};
/* End XCBuildConfiguration section */

/* Begin XCConfigurationList section */
		4C3096C82086D13D005F7065 /* Build configuration list for PBXProject "CustomizeTransition" */ = {
			isa = XCConfigurationList;
			buildConfigurations = (
				4C3096DD2086D13D005F7065 /* Debug */,
				4C3096DE2086D13D005F7065 /* Release */,
			);
			defaultConfigurationIsVisible = 0;
			defaultConfigurationName = Release;
		};
		4C3096DF2086D13D005F7065 /* Build configuration list for PBXNativeTarget "CustomizeTransition" */ = {
			isa = XCConfigurationList;
			buildConfigurations = (
				4C3096E02086D13D005F7065 /* Debug */,
				4C3096E12086D13D005F7065 /* Release */,
			);
			defaultConfigurationIsVisible = 0;
			defaultConfigurationName = Release;
		};
/* End XCConfigurationList section */
	};
	rootObject = 4C3096C52086D13D005F7065 /* Project object */;
}
