// !$*UTF8*$!
{
	archiveVersion = 1;
	classes = {
	};
	objectVersion = 48;
	objects = {

/* Begin PBXBuildFile section */
		0B939B5B204480A61062684C /* Pods_zip_upload.framework in Frameworks */ = {isa = PBXBuildFile; fileRef = 6CC161A24DFB9171B16157F1 /* Pods_zip_upload.framework */; };
		87336F7D2061041D0003FFB0 /* AppDelegate.swift in Sources */ = {isa = PBXBuildFile; fileRef = 87336F7C2061041D0003FFB0 /* AppDelegate.swift */; };
		87336F7F2061041D0003FFB0 /* ViewController.swift in Sources */ = {isa = PBXBuildFile; fileRef = 87336F7E2061041D0003FFB0 /* ViewController.swift */; };
		87336F822061041D0003FFB0 /* Main.storyboard in Resources */ = {isa = PBXBuildFile; fileRef = 87336F802061041D0003FFB0 /* Main.storyboard */; };
		87336F842061041D0003FFB0 /* Assets.xcassets in Resources */ = {isa = PBXBuildFile; fileRef = 87336F832061041D0003FFB0 /* Assets.xcassets */; };
		87336F872061041D0003FFB0 /* LaunchScreen.storyboard in Resources */ = {isa = PBXBuildFile; fileRef = 87336F852061041D0003FFB0 /* LaunchScreen.storyboard */; };
/* End PBXBuildFile section */

/* Begin PBXFileReference section */
		6CC161A24DFB9171B16157F1 /* Pods_zip_upload.framework */ = {isa = PBXFileReference; explicitFileType = wrapper.framework; includeInIndex = 0; path = Pods_zip_upload.framework; sourceTree = BUILT_PRODUCTS_DIR; };
		8655325E271B458DBE85795C /* Pods-zip_upload.debug.xcconfig */ = {isa = PBXFileReference; includeInIndex = 1; lastKnownFileType = text.xcconfig; name = "Pods-zip_upload.debug.xcconfig"; path = "Pods/Target Support Files/Pods-zip_upload/Pods-zip_upload.debug.xcconfig"; sourceTree = "<group>"; };
		87336F792061041D0003FFB0 /* zip_upload.app */ = {isa = PBXFileReference; explicitFileType = wrapper.application; includeInIndex = 0; path = zip_upload.app; sourceTree = BUILT_PRODUCTS_DIR; };
		87336F7C2061041D0003FFB0 /* AppDelegate.swift */ = {isa = PBXFileReference; lastKnownFileType = sourcecode.swift; path = AppDelegate.swift; sourceTree = "<group>"; };
		87336F7E2061041D0003FFB0 /* ViewController.swift */ = {isa = PBXFileReference; lastKnownFileType = sourcecode.swift; path = ViewController.swift; sourceTree = "<group>"; };
		87336F812061041D0003FFB0 /* Base */ = {isa = PBXFileReference; lastKnownFileType = file.storyboard; name = Base; path = Base.lproj/Main.storyboard; sourceTree = "<group>"; };
		87336F832061041D0003FFB0 /* Assets.xcassets */ = {isa = PBXFileReference; lastKnownFileType = folder.assetcatalog; path = Assets.xcassets; sourceTree = "<group>"; };
		87336F862061041D0003FFB0 /* Base */ = {isa = PBXFileReference; lastKnownFileType = file.storyboard; name = Base; path = Base.lproj/LaunchScreen.storyboard; sourceTree = "<group>"; };
		87336F882061041D0003FFB0 /* Info.plist */ = {isa = PBXFileReference; lastKnownFileType = text.plist.xml; path = Info.plist; sourceTree = "<group>"; };
		96E3D6F6D6AC7456F554B831 /* Pods-zip_upload.release.xcconfig */ = {isa = PBXFileReference; includeInIndex = 1; lastKnownFileType = text.xcconfig; name = "Pods-zip_upload.release.xcconfig"; path = "Pods/Target Support Files/Pods-zip_upload/Pods-zip_upload.release.xcconfig"; sourceTree = "<group>"; };
/* End PBXFileReference section */

/* Begin PBXFrameworksBuildPhase section */
		87336F762061041D0003FFB0 /* Frameworks */ = {
			isa = PBXFrameworksBuildPhase;
			buildActionMask = 2147483647;
			files = (
				0B939B5B204480A61062684C /* Pods_zip_upload.framework in Frameworks */,
			);
			runOnlyForDeploymentPostprocessing = 0;
		};
/* End PBXFrameworksBuildPhase section */

/* Begin PBXGroup section */
		14B5276A53F28D67975FB1D3 /* Pods */ = {
			isa = PBXGroup;
			children = (
				8655325E271B458DBE85795C /* Pods-zip_upload.debug.xcconfig */,
				96E3D6F6D6AC7456F554B831 /* Pods-zip_upload.release.xcconfig */,
			);
			name = Pods;
			sourceTree = "<group>";
		};
		318EEBD49CDCDB5C036260CE /* Frameworks */ = {
			isa = PBXGroup;
			children = (
				6CC161A24DFB9171B16157F1 /* Pods_zip_upload.framework */,
			);
			name = Frameworks;
			sourceTree = "<group>";
		};
		87336F702061041D0003FFB0 = {
			isa = PBXGroup;
			children = (
				87336F7B2061041D0003FFB0 /* zip_upload */,
				87336F7A2061041D0003FFB0 /* Products */,
				14B5276A53F28D67975FB1D3 /* Pods */,
				318EEBD49CDCDB5C036260CE /* Frameworks */,
			);
			sourceTree = "<group>";
		};
		87336F7A2061041D0003FFB0 /* Products */ = {
			isa = PBXGroup;
			children = (
				87336F792061041D0003FFB0 /* zip_upload.app */,
			);
			name = Products;
			sourceTree = "<group>";
		};
		87336F7B2061041D0003FFB0 /* zip_upload */ = {
			isa = PBXGroup;
			children = (
				87336F7C2061041D0003FFB0 /* AppDelegate.swift */,
				87336F7E2061041D0003FFB0 /* ViewController.swift */,
				87336F802061041D0003FFB0 /* Main.storyboard */,
				87336F832061041D0003FFB0 /* Assets.xcassets */,
				87336F852061041D0003FFB0 /* LaunchScreen.storyboard */,
				87336F882061041D0003FFB0 /* Info.plist */,
			);
			path = zip_upload;
			sourceTree = "<group>";
		};
/* End PBXGroup section */

/* Begin PBXNativeTarget section */
		87336F782061041D0003FFB0 /* zip_upload */ = {
			isa = PBXNativeTarget;
			buildConfigurationList = 87336F8B2061041D0003FFB0 /* Build configuration list for PBXNativeTarget "zip_upload" */;
			buildPhases = (
				EA40296481853626FEE9F43C /* [CP] Check Pods Manifest.lock */,
				87336F752061041D0003FFB0 /* Sources */,
				87336F762061041D0003FFB0 /* Frameworks */,
				87336F772061041D0003FFB0 /* Resources */,
				64BB517AE2FB9C2D09CF18C2 /* [CP] Embed Pods Frameworks */,
				93C1648216D0D2AB9EBF13AB /* [CP] Copy Pods Resources */,
			);
			buildRules = (
			);
			dependencies = (
			);
			name = zip_upload;
			productName = zip_upload;
			productReference = 87336F792061041D0003FFB0 /* zip_upload.app */;
			productType = "com.apple.product-type.application";
		};
/* End PBXNativeTarget section */

/* Begin PBXProject section */
		87336F712061041D0003FFB0 /* Project object */ = {
			isa = PBXProject;
			attributes = {
				LastSwiftUpdateCheck = 0920;
				LastUpgradeCheck = 0920;
				ORGANIZATIONNAME = cora;
				TargetAttributes = {
					87336F782061041D0003FFB0 = {
						CreatedOnToolsVersion = 9.2;
						ProvisioningStyle = Automatic;
					};
				};
			};
			buildConfigurationList = 87336F742061041D0003FFB0 /* Build configuration list for PBXProject "zip_upload" */;
			compatibilityVersion = "Xcode 8.0";
			developmentRegion = en;
			hasScannedForEncodings = 0;
			knownRegions = (
				en,
				Base,
			);
			mainGroup = 87336F702061041D0003FFB0;
			productRefGroup = 87336F7A2061041D0003FFB0 /* Products */;
			projectDirPath = "";
			projectRoot = "";
			targets = (
				87336F782061041D0003FFB0 /* zip_upload */,
			);
		};
/* End PBXProject section */

/* Begin PBXResourcesBuildPhase section */
		87336F772061041D0003FFB0 /* Resources */ = {
			isa = PBXResourcesBuildPhase;
			buildActionMask = 2147483647;
			files = (
				87336F872061041D0003FFB0 /* LaunchScreen.storyboard in Resources */,
				87336F842061041D0003FFB0 /* Assets.xcassets in Resources */,
				87336F822061041D0003FFB0 /* Main.storyboard in Resources */,
			);
			runOnlyForDeploymentPostprocessing = 0;
		};
/* End PBXResourcesBuildPhase section */

/* Begin PBXShellScriptBuildPhase section */
		64BB517AE2FB9C2D09CF18C2 /* [CP] Embed Pods Frameworks */ = {
			isa = PBXShellScriptBuildPhase;
			buildActionMask = 2147483647;
			files = (
			);
			inputPaths = (
				"${SRCROOT}/Pods/Target Support Files/Pods-zip_upload/Pods-zip_upload-frameworks.sh",
				"${BUILT_PRODUCTS_DIR}/Alamofire/Alamofire.framework",
				"${BUILT_PRODUCTS_DIR}/Zip/Zip.framework",
			);
			name = "[CP] Embed Pods Frameworks";
			outputPaths = (
				"${TARGET_BUILD_DIR}/${FRAMEWORKS_FOLDER_PATH}/Alamofire.framework",
				"${TARGET_BUILD_DIR}/${FRAMEWORKS_FOLDER_PATH}/Zip.framework",
			);
			runOnlyForDeploymentPostprocessing = 0;
			shellPath = /bin/sh;
			shellScript = "\"${SRCROOT}/Pods/Target Support Files/Pods-zip_upload/Pods-zip_upload-frameworks.sh\"\n";
			showEnvVarsInLog = 0;
		};
		93C1648216D0D2AB9EBF13AB /* [CP] Copy Pods Resources */ = {
			isa = PBXShellScriptBuildPhase;
			buildActionMask = 2147483647;
			files = (
			);
			inputPaths = (
			);
			name = "[CP] Copy Pods Resources";
			outputPaths = (
			);
			runOnlyForDeploymentPostprocessing = 0;
			shellPath = /bin/sh;
			shellScript = "\"${SRCROOT}/Pods/Target Support Files/Pods-zip_upload/Pods-zip_upload-resources.sh\"\n";
			showEnvVarsInLog = 0;
		};
		EA40296481853626FEE9F43C /* [CP] Check Pods Manifest.lock */ = {
			isa = PBXShellScriptBuildPhase;
			buildActionMask = 2147483647;
			files = (
			);
			inputPaths = (
				"${PODS_PODFILE_DIR_PATH}/Podfile.lock",
				"${PODS_ROOT}/Manifest.lock",
			);
			name = "[CP] Check Pods Manifest.lock";
			outputPaths = (
				"$(DERIVED_FILE_DIR)/Pods-zip_upload-checkManifestLockResult.txt",
			);
			runOnlyForDeploymentPostprocessing = 0;
			shellPath = /bin/sh;
			shellScript = "diff \"${PODS_PODFILE_DIR_PATH}/Podfile.lock\" \"${PODS_ROOT}/Manifest.lock\" > /dev/null\nif [ $? != 0 ] ; then\n    # print error to STDERR\n    echo \"error: The sandbox is not in sync with the Podfile.lock. Run 'pod install' or update your CocoaPods installation.\" >&2\n    exit 1\nfi\n# This output is used by Xcode 'outputs' to avoid re-running this script phase.\necho \"SUCCESS\" > \"${SCRIPT_OUTPUT_FILE_0}\"\n";
			showEnvVarsInLog = 0;
		};
/* End PBXShellScriptBuildPhase section */

/* Begin PBXSourcesBuildPhase section */
		87336F752061041D0003FFB0 /* Sources */ = {
			isa = PBXSourcesBuildPhase;
			buildActionMask = 2147483647;
			files = (
				87336F7F2061041D0003FFB0 /* ViewController.swift in Sources */,
				87336F7D2061041D0003FFB0 /* AppDelegate.swift in Sources */,
			);
			runOnlyForDeploymentPostprocessing = 0;
		};
/* End PBXSourcesBuildPhase section */

/* Begin PBXVariantGroup section */
		87336F802061041D0003FFB0 /* Main.storyboard */ = {
			isa = PBXVariantGroup;
			children = (
				87336F812061041D0003FFB0 /* Base */,
			);
			name = Main.storyboard;
			sourceTree = "<group>";
		};
		87336F852061041D0003FFB0 /* LaunchScreen.storyboard */ = {
			isa = PBXVariantGroup;
			children = (
				87336F862061041D0003FFB0 /* Base */,
			);
			name = LaunchScreen.storyboard;
			sourceTree = "<group>";
		};
/* End PBXVariantGroup section */

/* Begin XCBuildConfiguration section */
		87336F892061041D0003FFB0 /* Debug */ = {
			isa = XCBuildConfiguration;
			buildSettings = {
				ALWAYS_SEARCH_USER_PATHS = NO;
				CLANG_ANALYZER_NONNULL = YES;
				CLANG_ANALYZER_NUMBER_OBJECT_CONVERSION = YES_AGGRESSIVE;
				CLANG_CXX_LANGUAGE_STANDARD = "gnu++14";
				CLANG_CXX_LIBRARY = "libc++";
				CLANG_ENABLE_MODULES = YES;
				CLANG_ENABLE_OBJC_ARC = YES;
				CLANG_WARN_BLOCK_CAPTURE_AUTORELEASING = YES;
				CLANG_WARN_BOOL_CONVERSION = YES;
				CLANG_WARN_COMMA = YES;
				CLANG_WARN_CONSTANT_CONVERSION = YES;
				CLANG_WARN_DIRECT_OBJC_ISA_USAGE = YES_ERROR;
				CLANG_WARN_DOCUMENTATION_COMMENTS = YES;
				CLANG_WARN_EMPTY_BODY = YES;
				CLANG_WARN_ENUM_CONVERSION = YES;
				CLANG_WARN_INFINITE_RECURSION = YES;
				CLANG_WARN_INT_CONVERSION = YES;
				CLANG_WARN_NON_LITERAL_NULL_CONVERSION = YES;
				CLANG_WARN_OBJC_LITERAL_CONVERSION = YES;
				CLANG_WARN_OBJC_ROOT_CLASS = YES_ERROR;
				CLANG_WARN_RANGE_LOOP_ANALYSIS = YES;
				CLANG_WARN_STRICT_PROTOTYPES = YES;
				CLANG_WARN_SUSPICIOUS_MOVE = YES;
				CLANG_WARN_UNGUARDED_AVAILABILITY = YES_AGGRESSIVE;
				CLANG_WARN_UNREACHABLE_CODE = YES;
				CLANG_WARN__DUPLICATE_METHOD_MATCH = YES;
				CODE_SIGN_IDENTITY = "iPhone Developer";
				COPY_PHASE_STRIP = NO;
				DEBUG_INFORMATION_FORMAT = dwarf;
				ENABLE_STRICT_OBJC_MSGSEND = YES;
				ENABLE_TESTABILITY = YES;
				GCC_C_LANGUAGE_STANDARD = gnu11;
				GCC_DYNAMIC_NO_PIC = NO;
				GCC_NO_COMMON_BLOCKS = YES;
				GCC_OPTIMIZATION_LEVEL = 0;
				GCC_PREPROCESSOR_DEFINITIONS = (
					"DEBUG=1",
					"$(inherited)",
				);
				GCC_WARN_64_TO_32_BIT_CONVERSION = YES;
				GCC_WARN_ABOUT_RETURN_TYPE = YES_ERROR;
				GCC_WARN_UNDECLARED_SELECTOR = YES;
				GCC_WARN_UNINITIALIZED_AUTOS = YES_AGGRESSIVE;
				GCC_WARN_UNUSED_FUNCTION = YES;
				GCC_WARN_UNUSED_VARIABLE = YES;
				IPHONEOS_DEPLOYMENT_TARGET = 11.2;
				MTL_ENABLE_DEBUG_INFO = YES;
				ONLY_ACTIVE_ARCH = YES;
				SDKROOT = iphoneos;
				SWIFT_ACTIVE_COMPILATION_CONDITIONS = DEBUG;
				SWIFT_OPTIMIZATION_LEVEL = "-Onone";
			};
			name = Debug;
		};
		87336F8A2061041D0003FFB0 /* Release */ = {
			isa = XCBuildConfiguration;
			buildSettings = {
				ALWAYS_SEARCH_USER_PATHS = NO;
				CLANG_ANALYZER_NONNULL = YES;
				CLANG_ANALYZER_NUMBER_OBJECT_CONVERSION = YES_AGGRESSIVE;
				CLANG_CXX_LANGUAGE_STANDARD = "gnu++14";
				CLANG_CXX_LIBRARY = "libc++";
				CLANG_ENABLE_MODULES = YES;
				CLANG_ENABLE_OBJC_ARC = YES;
				CLANG_WARN_BLOCK_CAPTURE_AUTORELEASING = YES;
				CLANG_WARN_BOOL_CONVERSION = YES;
				CLANG_WARN_COMMA = YES;
				CLANG_WARN_CONSTANT_CONVERSION = YES;
				CLANG_WARN_DIRECT_OBJC_ISA_USAGE = YES_ERROR;
				CLANG_WARN_DOCUMENTATION_COMMENTS = YES;
				CLANG_WARN_EMPTY_BODY = YES;
				CLANG_WARN_ENUM_CONVERSION = YES;
				CLANG_WARN_INFINITE_RECURSION = YES;
				CLANG_WARN_INT_CONVERSION = YES;
				CLANG_WARN_NON_LITERAL_NULL_CONVERSION = YES;
				CLANG_WARN_OBJC_LITERAL_CONVERSION = YES;
				CLANG_WARN_OBJC_ROOT_CLASS = YES_ERROR;
				CLANG_WARN_RANGE_LOOP_ANALYSIS = YES;
				CLANG_WARN_STRICT_PROTOTYPES = YES;
				CLANG_WARN_SUSPICIOUS_MOVE = YES;
				CLANG_WARN_UNGUARDED_AVAILABILITY = YES_AGGRESSIVE;
				CLANG_WARN_UNREACHABLE_CODE = YES;
				CLANG_WARN__DUPLICATE_METHOD_MATCH = YES;
				CODE_SIGN_IDENTITY = "iPhone Developer";
				COPY_PHASE_STRIP = NO;
				DEBUG_INFORMATION_FORMAT = "dwarf-with-dsym";
				ENABLE_NS_ASSERTIONS = NO;
				ENABLE_STRICT_OBJC_MSGSEND = YES;
				GCC_C_LANGUAGE_STANDARD = gnu11;
				GCC_NO_COMMON_BLOCKS = YES;
				GCC_WARN_64_TO_32_BIT_CONVERSION = YES;
				GCC_WARN_ABOUT_RETURN_TYPE = YES_ERROR;
				GCC_WARN_UNDECLARED_SELECTOR = YES;
				GCC_WARN_UNINITIALIZED_AUTOS = YES_AGGRESSIVE;
				GCC_WARN_UNUSED_FUNCTION = YES;
				GCC_WARN_UNUSED_VARIABLE = YES;
				IPHONEOS_DEPLOYMENT_TARGET = 11.2;
				MTL_ENABLE_DEBUG_INFO = NO;
				SDKROOT = iphoneos;
				SWIFT_OPTIMIZATION_LEVEL = "-Owholemodule";
				VALIDATE_PRODUCT = YES;
			};
			name = Release;
		};
		87336F8C2061041D0003FFB0 /* Debug */ = {
			isa = XCBuildConfiguration;
			baseConfigurationReference = 8655325E271B458DBE85795C /* Pods-zip_upload.debug.xcconfig */;
			buildSettings = {
				ASSETCATALOG_COMPILER_APPICON_NAME = AppIcon;
				CODE_SIGN_STYLE = Automatic;
				DEVELOPMENT_TEAM = T59TDK9D3N;
				INFOPLIST_FILE = zip_upload/Info.plist;
				LD_RUNPATH_SEARCH_PATHS = "$(inherited) @executable_path/Frameworks";
				PRODUCT_BUNDLE_IDENTIFIER = "com.zencher.cora.zip-upload";
				PRODUCT_NAME = "$(TARGET_NAME)";
				SWIFT_VERSION = 4.0;
				TARGETED_DEVICE_FAMILY = "1,2";
			};
			name = Debug;
		};
		87336F8D2061041D0003FFB0 /* Release */ = {
			isa = XCBuildConfiguration;
			baseConfigurationReference = 96E3D6F6D6AC7456F554B831 /* Pods-zip_upload.release.xcconfig */;
			buildSettings = {
				ASSETCATALOG_COMPILER_APPICON_NAME = AppIcon;
				CODE_SIGN_STYLE = Automatic;
				DEVELOPMENT_TEAM = T59TDK9D3N;
				INFOPLIST_FILE = zip_upload/Info.plist;
				LD_RUNPATH_SEARCH_PATHS = "$(inherited) @executable_path/Frameworks";
				PRODUCT_BUNDLE_IDENTIFIER = "com.zencher.cora.zip-upload";
				PRODUCT_NAME = "$(TARGET_NAME)";
				SWIFT_VERSION = 4.0;
				TARGETED_DEVICE_FAMILY = "1,2";
			};
			name = Release;
		};
/* End XCBuildConfiguration section */

/* Begin XCConfigurationList section */
		87336F742061041D0003FFB0 /* Build configuration list for PBXProject "zip_upload" */ = {
			isa = XCConfigurationList;
			buildConfigurations = (
				87336F892061041D0003FFB0 /* Debug */,
				87336F8A2061041D0003FFB0 /* Release */,
			);
			defaultConfigurationIsVisible = 0;
			defaultConfigurationName = Release;
		};
		87336F8B2061041D0003FFB0 /* Build configuration list for PBXNativeTarget "zip_upload" */ = {
			isa = XCConfigurationList;
			buildConfigurations = (
				87336F8C2061041D0003FFB0 /* Debug */,
				87336F8D2061041D0003FFB0 /* Release */,
			);
			defaultConfigurationIsVisible = 0;
			defaultConfigurationName = Release;
		};
/* End XCConfigurationList section */
	};
	rootObject = 87336F712061041D0003FFB0 /* Project object */;
}
