// !$*UTF8*$!
{
	archiveVersion = 1;
	classes = {
	};
	objectVersion = 48;
	objects = {

/* Begin PBXBuildFile section */
		4CE783AF206F280D004A71B6 /* AppDelegate.swift in Sources */ = {isa = PBXBuildFile; fileRef = 4CE783AE206F280D004A71B6 /* AppDelegate.swift */; };
		4CE783B1206F280D004A71B6 /* ViewController.swift in Sources */ = {isa = PBXBuildFile; fileRef = 4CE783B0206F280D004A71B6 /* ViewController.swift */; };
		4CE783B4206F280D004A71B6 /* Main.storyboard in Resources */ = {isa = PBXBuildFile; fileRef = 4CE783B2206F280D004A71B6 /* Main.storyboard */; };
		4CE783B6206F280D004A71B6 /* Assets.xcassets in Resources */ = {isa = PBXBuildFile; fileRef = 4CE783B5206F280D004A71B6 /* Assets.xcassets */; };
		4CE783B9206F280D004A71B6 /* LaunchScreen.storyboard in Resources */ = {isa = PBXBuildFile; fileRef = 4CE783B7206F280D004A71B6 /* LaunchScreen.storyboard */; };
		4CE783C1206F28A3004A71B6 /* LearnToCode_1.1_introduction.pdf in Resources */ = {isa = PBXBuildFile; fileRef = 4CE783C0206F28A3004A71B6 /* LearnToCode_1.1_introduction.pdf */; };
		4CE783C3206F2A72004A71B6 /* china_airlines_2018_print5.pdf in Resources */ = {isa = PBXBuildFile; fileRef = 4CE783C2206F2A72004A71B6 /* china_airlines_2018_print5.pdf */; };
		4CE783C5206F2BE6004A71B6 /* ContractsTableViewController.swift in Sources */ = {isa = PBXBuildFile; fileRef = 4CE783C4206F2BE6004A71B6 /* ContractsTableViewController.swift */; };
		4CE783C7206F36A6004A71B6 /* contractTemplate.pdf in Resources */ = {isa = PBXBuildFile; fileRef = 4CE783C6206F36A6004A71B6 /* contractTemplate.pdf */; };
/* End PBXBuildFile section */

/* Begin PBXFileReference section */
		4CE783AB206F280D004A71B6 /* PDFDemo.app */ = {isa = PBXFileReference; explicitFileType = wrapper.application; includeInIndex = 0; path = PDFDemo.app; sourceTree = BUILT_PRODUCTS_DIR; };
		4CE783AE206F280D004A71B6 /* AppDelegate.swift */ = {isa = PBXFileReference; lastKnownFileType = sourcecode.swift; path = AppDelegate.swift; sourceTree = "<group>"; };
		4CE783B0206F280D004A71B6 /* ViewController.swift */ = {isa = PBXFileReference; lastKnownFileType = sourcecode.swift; path = ViewController.swift; sourceTree = "<group>"; };
		4CE783B3206F280D004A71B6 /* Base */ = {isa = PBXFileReference; lastKnownFileType = file.storyboard; name = Base; path = Base.lproj/Main.storyboard; sourceTree = "<group>"; };
		4CE783B5206F280D004A71B6 /* Assets.xcassets */ = {isa = PBXFileReference; lastKnownFileType = folder.assetcatalog; path = Assets.xcassets; sourceTree = "<group>"; };
		4CE783B8206F280D004A71B6 /* Base */ = {isa = PBXFileReference; lastKnownFileType = file.storyboard; name = Base; path = Base.lproj/LaunchScreen.storyboard; sourceTree = "<group>"; };
		4CE783BA206F280D004A71B6 /* Info.plist */ = {isa = PBXFileReference; lastKnownFileType = text.plist.xml; path = Info.plist; sourceTree = "<group>"; };
		4CE783C0206F28A3004A71B6 /* LearnToCode_1.1_introduction.pdf */ = {isa = PBXFileReference; lastKnownFileType = image.pdf; path = LearnToCode_1.1_introduction.pdf; sourceTree = "<group>"; };
		4CE783C2206F2A72004A71B6 /* china_airlines_2018_print5.pdf */ = {isa = PBXFileReference; lastKnownFileType = image.pdf; path = china_airlines_2018_print5.pdf; sourceTree = "<group>"; };
		4CE783C4206F2BE6004A71B6 /* ContractsTableViewController.swift */ = {isa = PBXFileReference; lastKnownFileType = sourcecode.swift; path = ContractsTableViewController.swift; sourceTree = "<group>"; };
		4CE783C6206F36A6004A71B6 /* contractTemplate.pdf */ = {isa = PBXFileReference; lastKnownFileType = image.pdf; path = contractTemplate.pdf; sourceTree = "<group>"; };
/* End PBXFileReference section */

/* Begin PBXFrameworksBuildPhase section */
		4CE783A8206F280D004A71B6 /* Frameworks */ = {
			isa = PBXFrameworksBuildPhase;
			buildActionMask = 2147483647;
			files = (
			);
			runOnlyForDeploymentPostprocessing = 0;
		};
/* End PBXFrameworksBuildPhase section */

/* Begin PBXGroup section */
		4CE783A2206F280D004A71B6 = {
			isa = PBXGroup;
			children = (
				4CE783AD206F280D004A71B6 /* PDFDemo */,
				4CE783AC206F280D004A71B6 /* Products */,
			);
			sourceTree = "<group>";
		};
		4CE783AC206F280D004A71B6 /* Products */ = {
			isa = PBXGroup;
			children = (
				4CE783AB206F280D004A71B6 /* PDFDemo.app */,
			);
			name = Products;
			sourceTree = "<group>";
		};
		4CE783AD206F280D004A71B6 /* PDFDemo */ = {
			isa = PBXGroup;
			children = (
				4CE783C6206F36A6004A71B6 /* contractTemplate.pdf */,
				4CE783C2206F2A72004A71B6 /* china_airlines_2018_print5.pdf */,
				4CE783C0206F28A3004A71B6 /* LearnToCode_1.1_introduction.pdf */,
				4CE783AE206F280D004A71B6 /* AppDelegate.swift */,
				4CE783B0206F280D004A71B6 /* ViewController.swift */,
				4CE783B2206F280D004A71B6 /* Main.storyboard */,
				4CE783B5206F280D004A71B6 /* Assets.xcassets */,
				4CE783B7206F280D004A71B6 /* LaunchScreen.storyboard */,
				4CE783BA206F280D004A71B6 /* Info.plist */,
				4CE783C4206F2BE6004A71B6 /* ContractsTableViewController.swift */,
			);
			path = PDFDemo;
			sourceTree = "<group>";
		};
/* End PBXGroup section */

/* Begin PBXNativeTarget section */
		4CE783AA206F280D004A71B6 /* PDFDemo */ = {
			isa = PBXNativeTarget;
			buildConfigurationList = 4CE783BD206F280D004A71B6 /* Build configuration list for PBXNativeTarget "PDFDemo" */;
			buildPhases = (
				4CE783A7206F280D004A71B6 /* Sources */,
				4CE783A8206F280D004A71B6 /* Frameworks */,
				4CE783A9206F280D004A71B6 /* Resources */,
			);
			buildRules = (
			);
			dependencies = (
			);
			name = PDFDemo;
			productName = PDFDemo;
			productReference = 4CE783AB206F280D004A71B6 /* PDFDemo.app */;
			productType = "com.apple.product-type.application";
		};
/* End PBXNativeTarget section */

/* Begin PBXProject section */
		4CE783A3206F280D004A71B6 /* Project object */ = {
			isa = PBXProject;
			attributes = {
				LastSwiftUpdateCheck = 0920;
				LastUpgradeCheck = 0920;
				ORGANIZATIONNAME = Zencher;
				TargetAttributes = {
					4CE783AA206F280D004A71B6 = {
						CreatedOnToolsVersion = 9.2;
						ProvisioningStyle = Automatic;
					};
				};
			};
			buildConfigurationList = 4CE783A6206F280D004A71B6 /* Build configuration list for PBXProject "PDFDemo" */;
			compatibilityVersion = "Xcode 8.0";
			developmentRegion = en;
			hasScannedForEncodings = 0;
			knownRegions = (
				en,
				Base,
			);
			mainGroup = 4CE783A2206F280D004A71B6;
			productRefGroup = 4CE783AC206F280D004A71B6 /* Products */;
			projectDirPath = "";
			projectRoot = "";
			targets = (
				4CE783AA206F280D004A71B6 /* PDFDemo */,
			);
		};
/* End PBXProject section */

/* Begin PBXResourcesBuildPhase section */
		4CE783A9206F280D004A71B6 /* Resources */ = {
			isa = PBXResourcesBuildPhase;
			buildActionMask = 2147483647;
			files = (
				4CE783C7206F36A6004A71B6 /* contractTemplate.pdf in Resources */,
				4CE783C1206F28A3004A71B6 /* LearnToCode_1.1_introduction.pdf in Resources */,
				4CE783B9206F280D004A71B6 /* LaunchScreen.storyboard in Resources */,
				4CE783B6206F280D004A71B6 /* Assets.xcassets in Resources */,
				4CE783B4206F280D004A71B6 /* Main.storyboard in Resources */,
				4CE783C3206F2A72004A71B6 /* china_airlines_2018_print5.pdf in Resources */,
			);
			runOnlyForDeploymentPostprocessing = 0;
		};
/* End PBXResourcesBuildPhase section */

/* Begin PBXSourcesBuildPhase section */
		4CE783A7206F280D004A71B6 /* Sources */ = {
			isa = PBXSourcesBuildPhase;
			buildActionMask = 2147483647;
			files = (
				4CE783B1206F280D004A71B6 /* ViewController.swift in Sources */,
				4CE783C5206F2BE6004A71B6 /* ContractsTableViewController.swift in Sources */,
				4CE783AF206F280D004A71B6 /* AppDelegate.swift in Sources */,
			);
			runOnlyForDeploymentPostprocessing = 0;
		};
/* End PBXSourcesBuildPhase section */

/* Begin PBXVariantGroup section */
		4CE783B2206F280D004A71B6 /* Main.storyboard */ = {
			isa = PBXVariantGroup;
			children = (
				4CE783B3206F280D004A71B6 /* Base */,
			);
			name = Main.storyboard;
			sourceTree = "<group>";
		};
		4CE783B7206F280D004A71B6 /* LaunchScreen.storyboard */ = {
			isa = PBXVariantGroup;
			children = (
				4CE783B8206F280D004A71B6 /* Base */,
			);
			name = LaunchScreen.storyboard;
			sourceTree = "<group>";
		};
/* End PBXVariantGroup section */

/* Begin XCBuildConfiguration section */
		4CE783BB206F280D004A71B6 /* Debug */ = {
			isa = XCBuildConfiguration;
			buildSettings = {
				ALWAYS_SEARCH_USER_PATHS = NO;
				CLANG_ANALYZER_NONNULL = YES;
				CLANG_ANALYZER_NUMBER_OBJECT_CONVERSION = YES_AGGRESSIVE;
				CLANG_CXX_LANGUAGE_STANDARD = "gnu++14";
				CLANG_CXX_LIBRARY = "libc++";
				CLANG_ENABLE_MODULES = YES;
				CLANG_ENABLE_OBJC_ARC = YES;
				CLANG_WARN_BLOCK_CAPTURE_AUTORELEASING = YES;
				CLANG_WARN_BOOL_CONVERSION = YES;
				CLANG_WARN_COMMA = YES;
				CLANG_WARN_CONSTANT_CONVERSION = YES;
				CLANG_WARN_DIRECT_OBJC_ISA_USAGE = YES_ERROR;
				CLANG_WARN_DOCUMENTATION_COMMENTS = YES;
				CLANG_WARN_EMPTY_BODY = YES;
				CLANG_WARN_ENUM_CONVERSION = YES;
				CLANG_WARN_INFINITE_RECURSION = YES;
				CLANG_WARN_INT_CONVERSION = YES;
				CLANG_WARN_NON_LITERAL_NULL_CONVERSION = YES;
				CLANG_WARN_OBJC_LITERAL_CONVERSION = YES;
				CLANG_WARN_OBJC_ROOT_CLASS = YES_ERROR;
				CLANG_WARN_RANGE_LOOP_ANALYSIS = YES;
				CLANG_WARN_STRICT_PROTOTYPES = YES;
				CLANG_WARN_SUSPICIOUS_MOVE = YES;
				CLANG_WARN_UNGUARDED_AVAILABILITY = YES_AGGRESSIVE;
				CLANG_WARN_UNREACHABLE_CODE = YES;
				CLANG_WARN__DUPLICATE_METHOD_MATCH = YES;
				CODE_SIGN_IDENTITY = "iPhone Developer";
				COPY_PHASE_STRIP = NO;
				DEBUG_INFORMATION_FORMAT = dwarf;
				ENABLE_STRICT_OBJC_MSGSEND = YES;
				ENABLE_TESTABILITY = YES;
				GCC_C_LANGUAGE_STANDARD = gnu11;
				GCC_DYNAMIC_NO_PIC = NO;
				GCC_NO_COMMON_BLOCKS = YES;
				GCC_OPTIMIZATION_LEVEL = 0;
				GCC_PREPROCESSOR_DEFINITIONS = (
					"DEBUG=1",
					"$(inherited)",
				);
				GCC_WARN_64_TO_32_BIT_CONVERSION = YES;
				GCC_WARN_ABOUT_RETURN_TYPE = YES_ERROR;
				GCC_WARN_UNDECLARED_SELECTOR = YES;
				GCC_WARN_UNINITIALIZED_AUTOS = YES_AGGRESSIVE;
				GCC_WARN_UNUSED_FUNCTION = YES;
				GCC_WARN_UNUSED_VARIABLE = YES;
				IPHONEOS_DEPLOYMENT_TARGET = 11.2;
				MTL_ENABLE_DEBUG_INFO = YES;
				ONLY_ACTIVE_ARCH = YES;
				SDKROOT = iphoneos;
				SWIFT_ACTIVE_COMPILATION_CONDITIONS = DEBUG;
				SWIFT_OPTIMIZATION_LEVEL = "-Onone";
			};
			name = Debug;
		};
		4CE783BC206F280D004A71B6 /* Release */ = {
			isa = XCBuildConfiguration;
			buildSettings = {
				ALWAYS_SEARCH_USER_PATHS = NO;
				CLANG_ANALYZER_NONNULL = YES;
				CLANG_ANALYZER_NUMBER_OBJECT_CONVERSION = YES_AGGRESSIVE;
				CLANG_CXX_LANGUAGE_STANDARD = "gnu++14";
				CLANG_CXX_LIBRARY = "libc++";
				CLANG_ENABLE_MODULES = YES;
				CLANG_ENABLE_OBJC_ARC = YES;
				CLANG_WARN_BLOCK_CAPTURE_AUTORELEASING = YES;
				CLANG_WARN_BOOL_CONVERSION = YES;
				CLANG_WARN_COMMA = YES;
				CLANG_WARN_CONSTANT_CONVERSION = YES;
				CLANG_WARN_DIRECT_OBJC_ISA_USAGE = YES_ERROR;
				CLANG_WARN_DOCUMENTATION_COMMENTS = YES;
				CLANG_WARN_EMPTY_BODY = YES;
				CLANG_WARN_ENUM_CONVERSION = YES;
				CLANG_WARN_INFINITE_RECURSION = YES;
				CLANG_WARN_INT_CONVERSION = YES;
				CLANG_WARN_NON_LITERAL_NULL_CONVERSION = YES;
				CLANG_WARN_OBJC_LITERAL_CONVERSION = YES;
				CLANG_WARN_OBJC_ROOT_CLASS = YES_ERROR;
				CLANG_WARN_RANGE_LOOP_ANALYSIS = YES;
				CLANG_WARN_STRICT_PROTOTYPES = YES;
				CLANG_WARN_SUSPICIOUS_MOVE = YES;
				CLANG_WARN_UNGUARDED_AVAILABILITY = YES_AGGRESSIVE;
				CLANG_WARN_UNREACHABLE_CODE = YES;
				CLANG_WARN__DUPLICATE_METHOD_MATCH = YES;
				CODE_SIGN_IDENTITY = "iPhone Developer";
				COPY_PHASE_STRIP = NO;
				DEBUG_INFORMATION_FORMAT = "dwarf-with-dsym";
				ENABLE_NS_ASSERTIONS = NO;
				ENABLE_STRICT_OBJC_MSGSEND = YES;
				GCC_C_LANGUAGE_STANDARD = gnu11;
				GCC_NO_COMMON_BLOCKS = YES;
				GCC_WARN_64_TO_32_BIT_CONVERSION = YES;
				GCC_WARN_ABOUT_RETURN_TYPE = YES_ERROR;
				GCC_WARN_UNDECLARED_SELECTOR = YES;
				GCC_WARN_UNINITIALIZED_AUTOS = YES_AGGRESSIVE;
				GCC_WARN_UNUSED_FUNCTION = YES;
				GCC_WARN_UNUSED_VARIABLE = YES;
				IPHONEOS_DEPLOYMENT_TARGET = 11.2;
				MTL_ENABLE_DEBUG_INFO = NO;
				SDKROOT = iphoneos;
				SWIFT_OPTIMIZATION_LEVEL = "-Owholemodule";
				VALIDATE_PRODUCT = YES;
			};
			name = Release;
		};
		4CE783BE206F280D004A71B6 /* Debug */ = {
			isa = XCBuildConfiguration;
			buildSettings = {
				ASSETCATALOG_COMPILER_APPICON_NAME = AppIcon;
				CODE_SIGN_STYLE = Automatic;
				INFOPLIST_FILE = PDFDemo/Info.plist;
				LD_RUNPATH_SEARCH_PATHS = "$(inherited) @executable_path/Frameworks";
				PRODUCT_BUNDLE_IDENTIFIER = com.zencher.demo.PDFDemo;
				PRODUCT_NAME = "$(TARGET_NAME)";
				SWIFT_VERSION = 4.0;
				TARGETED_DEVICE_FAMILY = "1,2";
			};
			name = Debug;
		};
		4CE783BF206F280D004A71B6 /* Release */ = {
			isa = XCBuildConfiguration;
			buildSettings = {
				ASSETCATALOG_COMPILER_APPICON_NAME = AppIcon;
				CODE_SIGN_STYLE = Automatic;
				INFOPLIST_FILE = PDFDemo/Info.plist;
				LD_RUNPATH_SEARCH_PATHS = "$(inherited) @executable_path/Frameworks";
				PRODUCT_BUNDLE_IDENTIFIER = com.zencher.demo.PDFDemo;
				PRODUCT_NAME = "$(TARGET_NAME)";
				SWIFT_VERSION = 4.0;
				TARGETED_DEVICE_FAMILY = "1,2";
			};
			name = Release;
		};
/* End XCBuildConfiguration section */

/* Begin XCConfigurationList section */
		4CE783A6206F280D004A71B6 /* Build configuration list for PBXProject "PDFDemo" */ = {
			isa = XCConfigurationList;
			buildConfigurations = (
				4CE783BB206F280D004A71B6 /* Debug */,
				4CE783BC206F280D004A71B6 /* Release */,
			);
			defaultConfigurationIsVisible = 0;
			defaultConfigurationName = Release;
		};
		4CE783BD206F280D004A71B6 /* Build configuration list for PBXNativeTarget "PDFDemo" */ = {
			isa = XCConfigurationList;
			buildConfigurations = (
				4CE783BE206F280D004A71B6 /* Debug */,
				4CE783BF206F280D004A71B6 /* Release */,
			);
			defaultConfigurationIsVisible = 0;
			defaultConfigurationName = Release;
		};
/* End XCConfigurationList section */
	};
	rootObject = 4CE783A3206F280D004A71B6 /* Project object */;
}
